
Microsoft Visual Studio Solution File, Format Version 12.00
# Visual Studio Version 16
VisualStudioVersion = 16.0.31410.357
MinimumVisualStudioVersion = 10.0.40219.1
Project("{FAE04EC0-301F-11D3-BF4B-00C04F79EFBC}") = "SharpFTPClient", "SharpFTPClient\SharpFTPClient.csproj", "{B5FBC966-1DEA-4D72-8450-782E3C55BFFC}"
EndProject
Global
	GlobalSection(SolutionConfigurationPlatforms) = preSolution
		Debug|Any CPU = Debug|Any CPU
		Release|Any CPU = Release|Any CPU
	EndGlobalSection
	GlobalSection(ProjectConfigurationPlatforms) = postSolution
		{B5FBC966-1DEA-4D72-8450-782E3C55BFFC}.Debug|Any CPU.ActiveCfg = Debug|Any CPU
		{B5FBC966-1DEA-4D72-8450-782E3C55BFFC}.Debug|Any CPU.Build.0 = Debug|Any CPU
		{B5FBC966-1DEA-4D72-8450-782E3C55BFFC}.Release|Any CPU.ActiveCfg = Release|Any CPU
		{B5FBC966-1DEA-4D72-8450-782E3C55BFFC}.Release|Any CPU.Build.0 = Release|Any CPU
	EndGlobalSection
	GlobalSection(SolutionProperties) = preSolution
		HideSolutionNode = FALSE
	EndGlobalSection
	GlobalSection(ExtensibilityGlobals) = postSolution
		SolutionGuid = {FD442562-BED3-49F1-8253-6C2AE9A1DDEE}
	EndGlobalSection
EndGlobal
